
Microsoft Visual Studio Solution File, Format Version 12.00
# Visual Studio Version 17
VisualStudioVersion = 17.8.34525.116
MinimumVisualStudioVersion = 10.0.40219.1
Project("{FAE04EC0-301F-11D3-BF4B-00C04F79EFBC}") = "CoffeeShop", "CoffeeShop\CoffeeShop.csproj", "{EC12E8BB-9FD2-42DB-AD2D-F9EF66E684FB}"
EndProject
Global
	GlobalSection(SolutionConfigurationPlatforms) = preSolution
		Debug|Any CPU = Debug|Any CPU
		Release|Any CPU = Release|Any CPU
	EndGlobalSection
	GlobalSection(ProjectConfigurationPlatforms) = postSolution
		{EC12E8BB-9FD2-42DB-AD2D-F9EF66E684FB}.Debug|Any CPU.ActiveCfg = Debug|Any CPU
		{EC12E8BB-9FD2-42DB-AD2D-F9EF66E684FB}.Debug|Any CPU.Build.0 = Debug|Any CPU
		{EC12E8BB-9FD2-42DB-AD2D-F9EF66E684FB}.Release|Any CPU.ActiveCfg = Release|Any CPU
		{EC12E8BB-9FD2-42DB-AD2D-F9EF66E684FB}.Release|Any CPU.Build.0 = Release|Any CPU
	EndGlobalSection
	GlobalSection(SolutionProperties) = preSolution
		HideSolutionNode = FALSE
	EndGlobalSection
	GlobalSection(ExtensibilityGlobals) = postSolution
		SolutionGuid = {C47C6058-A7F1-4F36-9E8F-D8920C87310C}
	EndGlobalSection
EndGlobal
